// !$*UTF8*$!
{
	archiveVersion = 1;
	classes = {
	};
	objectVersion = 46;
	objects = {

/* Begin PBXBuildFile section */
		D31DFACD1B7BFC550003C330 /* Slater_Determinant_SPM.cpp in Sources */ = {isa = PBXBuildFile; fileRef = D31DFACC1B7BFC550003C330 /* Slater_Determinant_SPM.cpp */; };
		D33CD9A71B55BC980093A3D3 /* main.cpp in Sources */ = {isa = PBXBuildFile; fileRef = D33CD9A61B55BC980093A3D3 /* main.cpp */; };
		D33CD9AF1B55BE950093A3D3 /* SingleParticle_Hamiltonian_MLM.cpp in Sources */ = {isa = PBXBuildFile; fileRef = D33CD9AE1B55BE950093A3D3 /* SingleParticle_Hamiltonian_MLM.cpp */; };
		D3B054D61CE2322700EDD402 /* CorrelationMatrix.cpp in Sources */ = {isa = PBXBuildFile; fileRef = D3B054D51CE2322700EDD402 /* CorrelationMatrix.cpp */; };
/* End PBXBuildFile section */

/* Begin PBXCopyFilesBuildPhase section */
		D33CD9A11B55BC970093A3D3 /* CopyFiles */ = {
			isa = PBXCopyFilesBuildPhase;
			buildActionMask = 2147483647;
			dstPath = /usr/share/man/man1/;
			dstSubfolderSpec = 0;
			files = (
			);
			runOnlyForDeploymentPostprocessing = 1;
		};
/* End PBXCopyFilesBuildPhase section */

/* Begin PBXFileReference section */
		D31DFACC1B7BFC550003C330 /* Slater_Determinant_SPM.cpp */ = {isa = PBXFileReference; fileEncoding = 4; lastKnownFileType = sourcecode.cpp.cpp; path = Slater_Determinant_SPM.cpp; sourceTree = "<group>"; };
		D33CD9A31B55BC970093A3D3 /* Single Particle Model */ = {isa = PBXFileReference; explicitFileType = "compiled.mach-o.executable"; includeInIndex = 0; path = "Single Particle Model"; sourceTree = BUILT_PRODUCTS_DIR; };
		D33CD9A61B55BC980093A3D3 /* main.cpp */ = {isa = PBXFileReference; lastKnownFileType = sourcecode.cpp.cpp; path = main.cpp; sourceTree = "<group>"; };
		D33CD9AD1B55BCD40093A3D3 /* SingleParticle_Hamiltonian_MLM.h */ = {isa = PBXFileReference; lastKnownFileType = sourcecode.c.h; path = SingleParticle_Hamiltonian_MLM.h; sourceTree = "<group>"; };
		D33CD9AE1B55BE950093A3D3 /* SingleParticle_Hamiltonian_MLM.cpp */ = {isa = PBXFileReference; fileEncoding = 4; lastKnownFileType = sourcecode.cpp.cpp; path = SingleParticle_Hamiltonian_MLM.cpp; sourceTree = "<group>"; };
		D3B054D41CE231FC00EDD402 /* CorrelationMatrix.h */ = {isa = PBXFileReference; lastKnownFileType = sourcecode.c.h; path = CorrelationMatrix.h; sourceTree = "<group>"; };
		D3B054D51CE2322700EDD402 /* CorrelationMatrix.cpp */ = {isa = PBXFileReference; fileEncoding = 4; lastKnownFileType = sourcecode.cpp.cpp; path = CorrelationMatrix.cpp; sourceTree = "<group>"; };
/* End PBXFileReference section */

/* Begin PBXFrameworksBuildPhase section */
		D33CD9A01B55BC970093A3D3 /* Frameworks */ = {
			isa = PBXFrameworksBuildPhase;
			buildActionMask = 2147483647;
			files = (
			);
			runOnlyForDeploymentPostprocessing = 0;
		};
/* End PBXFrameworksBuildPhase section */

/* Begin PBXGroup section */
		D33CD99A1B55BC970093A3D3 = {
			isa = PBXGroup;
			children = (
				D33CD9A51B55BC970093A3D3 /* Single Particle Model */,
				D33CD9A41B55BC970093A3D3 /* Products */,
			);
			sourceTree = "<group>";
		};
		D33CD9A41B55BC970093A3D3 /* Products */ = {
			isa = PBXGroup;
			children = (
				D33CD9A31B55BC970093A3D3 /* Single Particle Model */,
			);
			name = Products;
			sourceTree = "<group>";
		};
		D33CD9A51B55BC970093A3D3 /* Single Particle Model */ = {
			isa = PBXGroup;
			children = (
				D33CD9A61B55BC980093A3D3 /* main.cpp */,
				D33CD9AD1B55BCD40093A3D3 /* SingleParticle_Hamiltonian_MLM.h */,
				D33CD9AE1B55BE950093A3D3 /* SingleParticle_Hamiltonian_MLM.cpp */,
				D31DFACC1B7BFC550003C330 /* Slater_Determinant_SPM.cpp */,
				D3B054D41CE231FC00EDD402 /* CorrelationMatrix.h */,
				D3B054D51CE2322700EDD402 /* CorrelationMatrix.cpp */,
			);
			path = "Single Particle Model";
			sourceTree = "<group>";
		};
/* End PBXGroup section */

/* Begin PBXNativeTarget section */
		D33CD9A21B55BC970093A3D3 /* Single Particle Model */ = {
			isa = PBXNativeTarget;
			buildConfigurationList = D33CD9AA1B55BC980093A3D3 /* Build configuration list for PBXNativeTarget "Single Particle Model" */;
			buildPhases = (
				D33CD99F1B55BC970093A3D3 /* Sources */,
				D33CD9A01B55BC970093A3D3 /* Frameworks */,
				D33CD9A11B55BC970093A3D3 /* CopyFiles */,
			);
			buildRules = (
			);
			dependencies = (
			);
			name = "Single Particle Model";
			productName = "Single Particle Model";
			productReference = D33CD9A31B55BC970093A3D3 /* Single Particle Model */;
			productType = "com.apple.product-type.tool";
		};
/* End PBXNativeTarget section */

/* Begin PBXProject section */
		D33CD99B1B55BC970093A3D3 /* Project object */ = {
			isa = PBXProject;
			attributes = {
				LastUpgradeCheck = 0640;
				ORGANIZATIONNAME = "Mekena Metcalf";
				TargetAttributes = {
					D33CD9A21B55BC970093A3D3 = {
						CreatedOnToolsVersion = 6.4;
					};
				};
			};
			buildConfigurationList = D33CD99E1B55BC970093A3D3 /* Build configuration list for PBXProject "Single Particle Model" */;
			compatibilityVersion = "Xcode 3.2";
			developmentRegion = English;
			hasScannedForEncodings = 0;
			knownRegions = (
				en,
			);
			mainGroup = D33CD99A1B55BC970093A3D3;
			productRefGroup = D33CD9A41B55BC970093A3D3 /* Products */;
			projectDirPath = "";
			projectRoot = "";
			targets = (
				D33CD9A21B55BC970093A3D3 /* Single Particle Model */,
			);
		};
/* End PBXProject section */

/* Begin PBXSourcesBuildPhase section */
		D33CD99F1B55BC970093A3D3 /* Sources */ = {
			isa = PBXSourcesBuildPhase;
			buildActionMask = 2147483647;
			files = (
				D33CD9A71B55BC980093A3D3 /* main.cpp in Sources */,
				D3B054D61CE2322700EDD402 /* CorrelationMatrix.cpp in Sources */,
				D33CD9AF1B55BE950093A3D3 /* SingleParticle_Hamiltonian_MLM.cpp in Sources */,
				D31DFACD1B7BFC550003C330 /* Slater_Determinant_SPM.cpp in Sources */,
			);
			runOnlyForDeploymentPostprocessing = 0;
		};
/* End PBXSourcesBuildPhase section */

/* Begin XCBuildConfiguration section */
		D33CD9A81B55BC980093A3D3 /* Debug */ = {
			isa = XCBuildConfiguration;
			buildSettings = {
				ALWAYS_SEARCH_USER_PATHS = NO;
				CLANG_CXX_LANGUAGE_STANDARD = "gnu++0x";
				CLANG_CXX_LIBRARY = "libc++";
				CLANG_ENABLE_MODULES = YES;
				CLANG_ENABLE_OBJC_ARC = YES;
				CLANG_WARN_BOOL_CONVERSION = YES;
				CLANG_WARN_CONSTANT_CONVERSION = YES;
				CLANG_WARN_DIRECT_OBJC_ISA_USAGE = YES_ERROR;
				CLANG_WARN_EMPTY_BODY = YES;
				CLANG_WARN_ENUM_CONVERSION = YES;
				CLANG_WARN_INT_CONVERSION = YES;
				CLANG_WARN_OBJC_ROOT_CLASS = YES_ERROR;
				CLANG_WARN_UNREACHABLE_CODE = YES;
				CLANG_WARN__DUPLICATE_METHOD_MATCH = YES;
				COPY_PHASE_STRIP = NO;
				DEBUG_INFORMATION_FORMAT = dwarf;
				ENABLE_STRICT_OBJC_MSGSEND = YES;
				GCC_C_LANGUAGE_STANDARD = gnu99;
				GCC_DYNAMIC_NO_PIC = NO;
				GCC_NO_COMMON_BLOCKS = YES;
				GCC_OPTIMIZATION_LEVEL = 0;
				GCC_PREPROCESSOR_DEFINITIONS = (
					"DEBUG=1",
					"$(inherited)",
				);
				GCC_SYMBOLS_PRIVATE_EXTERN = NO;
				GCC_WARN_64_TO_32_BIT_CONVERSION = YES;
				GCC_WARN_ABOUT_RETURN_TYPE = YES_ERROR;
				GCC_WARN_UNDECLARED_SELECTOR = YES;
				GCC_WARN_UNINITIALIZED_AUTOS = YES_AGGRESSIVE;
				GCC_WARN_UNUSED_FUNCTION = YES;
				GCC_WARN_UNUSED_VARIABLE = YES;
				MACOSX_DEPLOYMENT_TARGET = 10.10;
				MTL_ENABLE_DEBUG_INFO = YES;
				ONLY_ACTIVE_ARCH = YES;
				SDKROOT = macosx;
			};
			name = Debug;
		};
		D33CD9A91B55BC980093A3D3 /* Release */ = {
			isa = XCBuildConfiguration;
			buildSettings = {
				ALWAYS_SEARCH_USER_PATHS = NO;
				CLANG_CXX_LANGUAGE_STANDARD = "gnu++0x";
				CLANG_CXX_LIBRARY = "libc++";
				CLANG_ENABLE_MODULES = YES;
				CLANG_ENABLE_OBJC_ARC = YES;
				CLANG_WARN_BOOL_CONVERSION = YES;
				CLANG_WARN_CONSTANT_CONVERSION = YES;
				CLANG_WARN_DIRECT_OBJC_ISA_USAGE = YES_ERROR;
				CLANG_WARN_EMPTY_BODY = YES;
				CLANG_WARN_ENUM_CONVERSION = YES;
				CLANG_WARN_INT_CONVERSION = YES;
				CLANG_WARN_OBJC_ROOT_CLASS = YES_ERROR;
				CLANG_WARN_UNREACHABLE_CODE = YES;
				CLANG_WARN__DUPLICATE_METHOD_MATCH = YES;
				COPY_PHASE_STRIP = NO;
				DEBUG_INFORMATION_FORMAT = "dwarf-with-dsym";
				ENABLE_NS_ASSERTIONS = NO;
				ENABLE_STRICT_OBJC_MSGSEND = YES;
				GCC_C_LANGUAGE_STANDARD = gnu99;
				GCC_NO_COMMON_BLOCKS = YES;
				GCC_WARN_64_TO_32_BIT_CONVERSION = YES;
				GCC_WARN_ABOUT_RETURN_TYPE = YES_ERROR;
				GCC_WARN_UNDECLARED_SELECTOR = YES;
				GCC_WARN_UNINITIALIZED_AUTOS = YES_AGGRESSIVE;
				GCC_WARN_UNUSED_FUNCTION = YES;
				GCC_WARN_UNUSED_VARIABLE = YES;
				MACOSX_DEPLOYMENT_TARGET = 10.10;
				MTL_ENABLE_DEBUG_INFO = NO;
				SDKROOT = macosx;
			};
			name = Release;
		};
		D33CD9AB1B55BC980093A3D3 /* Debug */ = {
			isa = XCBuildConfiguration;
			buildSettings = {
				PRODUCT_NAME = "$(TARGET_NAME)";
			};
			name = Debug;
		};
		D33CD9AC1B55BC980093A3D3 /* Release */ = {
			isa = XCBuildConfiguration;
			buildSettings = {
				PRODUCT_NAME = "$(TARGET_NAME)";
			};
			name = Release;
		};
/* End XCBuildConfiguration section */

/* Begin XCConfigurationList section */
		D33CD99E1B55BC970093A3D3 /* Build configuration list for PBXProject "Single Particle Model" */ = {
			isa = XCConfigurationList;
			buildConfigurations = (
				D33CD9A81B55BC980093A3D3 /* Debug */,
				D33CD9A91B55BC980093A3D3 /* Release */,
			);
			defaultConfigurationIsVisible = 0;
			defaultConfigurationName = Release;
		};
		D33CD9AA1B55BC980093A3D3 /* Build configuration list for PBXNativeTarget "Single Particle Model" */ = {
			isa = XCConfigurationList;
			buildConfigurations = (
				D33CD9AB1B55BC980093A3D3 /* Debug */,
				D33CD9AC1B55BC980093A3D3 /* Release */,
			);
			defaultConfigurationIsVisible = 0;
			defaultConfigurationName = Release;
		};
/* End XCConfigurationList section */
	};
	rootObject = D33CD99B1B55BC970093A3D3 /* Project object */;
}
